// !$*UTF8*$!
{
	archiveVersion = 1;
	classes = {
	};
	objectVersion = 46;
	objects = {

/* Begin PBXBuildFile section */
		BD11A18F1C9A59D400087582 /* AppDelegate.m in Sources */ = {isa = PBXBuildFile; fileRef = BD11A18E1C9A59D400087582 /* AppDelegate.m */; };
		BD11A1921C9A59D400087582 /* main.m in Sources */ = {isa = PBXBuildFile; fileRef = BD11A1911C9A59D400087582 /* main.m */; };
		BD11A1951C9A59D400087582 /* MyMoment.xcdatamodeld in Sources */ = {isa = PBXBuildFile; fileRef = BD11A1931C9A59D400087582 /* MyMoment.xcdatamodeld */; };
		BD11A1971C9A59D400087582 /* Assets.xcassets in Resources */ = {isa = PBXBuildFile; fileRef = BD11A1961C9A59D400087582 /* Assets.xcassets */; };
		BD11A19A1C9A59D400087582 /* MainMenu.xib in Resources */ = {isa = PBXBuildFile; fileRef = BD11A1981C9A59D400087582 /* MainMenu.xib */; };
		BD11A1A71C9A5C0600087582 /* MainWindowController.m in Sources */ = {isa = PBXBuildFile; fileRef = BD11A1A51C9A5C0600087582 /* MainWindowController.m */; };
		BD11A1A81C9A5C0600087582 /* MainWindow.xib in Resources */ = {isa = PBXBuildFile; fileRef = BD11A1A61C9A5C0600087582 /* MainWindow.xib */; };
		BD11A1AC1C9FDD3E00087582 /* RigisterViewController.m in Sources */ = {isa = PBXBuildFile; fileRef = BD11A1AA1C9FDD3E00087582 /* RigisterViewController.m */; };
		BD11A1AD1C9FDD3E00087582 /* RigisterViewController.xib in Resources */ = {isa = PBXBuildFile; fileRef = BD11A1AB1C9FDD3E00087582 /* RigisterViewController.xib */; };
		BD34B26E1CB608280070376B /* 未标题-2.png in Resources */ = {isa = PBXBuildFile; fileRef = BD34B26D1CB608280070376B /* 未标题-2.png */; };
		BD34B2701CB751880070376B /* 澳门风云.jpg in Resources */ = {isa = PBXBuildFile; fileRef = BD34B26F1CB751880070376B /* 澳门风云.jpg */; };
		BD37693E1CCA771600392C63 /* Message.m in Sources */ = {isa = PBXBuildFile; fileRef = BD37693D1CCA771600392C63 /* Message.m */; };
		BD3769411CCA98BB00392C63 /* MovieAllTableViewController.m in Sources */ = {isa = PBXBuildFile; fileRef = BD3769401CCA98BB00392C63 /* MovieAllTableViewController.m */; };
		BD3769441CCA98FA00392C63 /* MovieScoreRankingTableView.m in Sources */ = {isa = PBXBuildFile; fileRef = BD3769431CCA98FA00392C63 /* MovieScoreRankingTableView.m */; };
		BD3769471CCA992500392C63 /* MusicAllTableViewController.m in Sources */ = {isa = PBXBuildFile; fileRef = BD3769461CCA992500392C63 /* MusicAllTableViewController.m */; };
		BD37694A1CCA994B00392C63 /* MusicScoreRankingTableView.m in Sources */ = {isa = PBXBuildFile; fileRef = BD3769491CCA994B00392C63 /* MusicScoreRankingTableView.m */; };
		BD55C3021CBDA24F00610137 /* 1star.png in Resources */ = {isa = PBXBuildFile; fileRef = BD55C3011CBDA24F00610137 /* 1star.png */; };
		BD55C3041CBDA4D300610137 /* 1starEmpty.png in Resources */ = {isa = PBXBuildFile; fileRef = BD55C3031CBDA4D300610137 /* 1starEmpty.png */; };
		BD55C3081CBF33A800610137 /* RegisterInfoViewController.m in Sources */ = {isa = PBXBuildFile; fileRef = BD55C3061CBF33A800610137 /* RegisterInfoViewController.m */; };
		BD55C3091CBF33A800610137 /* RegisterInfoViewController.xib in Resources */ = {isa = PBXBuildFile; fileRef = BD55C3071CBF33A800610137 /* RegisterInfoViewController.xib */; };
		BD55C30D1CC1BE1100610137 /* MusicDetailViewController.m in Sources */ = {isa = PBXBuildFile; fileRef = BD55C30B1CC1BE1100610137 /* MusicDetailViewController.m */; };
		BD55C30E1CC1BE1100610137 /* MusicDetailViewController.xib in Resources */ = {isa = PBXBuildFile; fileRef = BD55C30C1CC1BE1100610137 /* MusicDetailViewController.xib */; };
		BD55C3111CC3C96700610137 /* MainMovieTableViewController.m in Sources */ = {isa = PBXBuildFile; fileRef = BD55C3101CC3C96700610137 /* MainMovieTableViewController.m */; };
		BD55C3141CC3C9A100610137 /* MainMusicTableViewController.m in Sources */ = {isa = PBXBuildFile; fileRef = BD55C3131CC3C9A100610137 /* MainMusicTableViewController.m */; };
		BD55C3171CC3E18E00610137 /* Movie.m in Sources */ = {isa = PBXBuildFile; fileRef = BD55C3161CC3E18E00610137 /* Movie.m */; };
		BD55C31A1CC3E1A900610137 /* Music.m in Sources */ = {isa = PBXBuildFile; fileRef = BD55C3191CC3E1A900610137 /* Music.m */; };
		BD6C0B171CCBC573001704B4 /* User.m in Sources */ = {isa = PBXBuildFile; fileRef = BD6C0B161CCBC573001704B4 /* User.m */; };
		BD6C0B1B1CCD5414001704B4 /* HistoryListViewController.m in Sources */ = {isa = PBXBuildFile; fileRef = BD6C0B191CCD5414001704B4 /* HistoryListViewController.m */; };
		BD6C0B1C1CCD5414001704B4 /* HistoryListViewController.xib in Resources */ = {isa = PBXBuildFile; fileRef = BD6C0B1A1CCD5414001704B4 /* HistoryListViewController.xib */; };
		BD6C0B201CCD561B001704B4 /* FavoriteListViewController.m in Sources */ = {isa = PBXBuildFile; fileRef = BD6C0B1E1CCD561B001704B4 /* FavoriteListViewController.m */; };
		BD6C0B211CCD561B001704B4 /* FavoriteListViewController.xib in Resources */ = {isa = PBXBuildFile; fileRef = BD6C0B1F1CCD561B001704B4 /* FavoriteListViewController.xib */; };
		BD6C0B2D1CCEB2C3001704B4 /* FavoriteMovie.m in Sources */ = {isa = PBXBuildFile; fileRef = BD6C0B2C1CCEB2C3001704B4 /* FavoriteMovie.m */; };
		BD9779A61CB7EE9B00319214 /* MovieDetailViewController.m in Sources */ = {isa = PBXBuildFile; fileRef = BD9779A41CB7EE9B00319214 /* MovieDetailViewController.m */; };
		BD9779A71CB7EE9B00319214 /* MovieDetailViewController.xib in Resources */ = {isa = PBXBuildFile; fileRef = BD9779A51CB7EE9B00319214 /* MovieDetailViewController.xib */; };
/* End PBXBuildFile section */

/* Begin PBXFileReference section */
		BD11A18A1C9A59D400087582 /* MyMoment.app */ = {isa = PBXFileReference; explicitFileType = wrapper.application; includeInIndex = 0; path = MyMoment.app; sourceTree = BUILT_PRODUCTS_DIR; };
		BD11A18D1C9A59D400087582 /* AppDelegate.h */ = {isa = PBXFileReference; lastKnownFileType = sourcecode.c.h; path = AppDelegate.h; sourceTree = "<group>"; };
		BD11A18E1C9A59D400087582 /* AppDelegate.m */ = {isa = PBXFileReference; lastKnownFileType = sourcecode.c.objc; path = AppDelegate.m; sourceTree = "<group>"; };
		BD11A1911C9A59D400087582 /* main.m */ = {isa = PBXFileReference; lastKnownFileType = sourcecode.c.objc; path = main.m; sourceTree = "<group>"; };
		BD11A1941C9A59D400087582 /* MyMoment.xcdatamodel */ = {isa = PBXFileReference; lastKnownFileType = wrapper.xcdatamodel; path = MyMoment.xcdatamodel; sourceTree = "<group>"; };
		BD11A1961C9A59D400087582 /* Assets.xcassets */ = {isa = PBXFileReference; lastKnownFileType = folder.assetcatalog; path = Assets.xcassets; sourceTree = "<group>"; };
		BD11A1991C9A59D400087582 /* Base */ = {isa = PBXFileReference; lastKnownFileType = file.xib; name = Base; path = Base.lproj/MainMenu.xib; sourceTree = "<group>"; };
		BD11A19B1C9A59D400087582 /* Info.plist */ = {isa = PBXFileReference; lastKnownFileType = text.plist.xml; path = Info.plist; sourceTree = "<group>"; };
		BD11A1A41C9A5C0600087582 /* MainWindowController.h */ = {isa = PBXFileReference; fileEncoding = 4; lastKnownFileType = sourcecode.c.h; path = MainWindowController.h; sourceTree = "<group>"; };
		BD11A1A51C9A5C0600087582 /* MainWindowController.m */ = {isa = PBXFileReference; fileEncoding = 4; lastKnownFileType = sourcecode.c.objc; path = MainWindowController.m; sourceTree = "<group>"; };
		BD11A1A61C9A5C0600087582 /* MainWindow.xib */ = {isa = PBXFileReference; fileEncoding = 4; lastKnownFileType = file.xib; path = MainWindow.xib; sourceTree = "<group>"; };
		BD11A1A91C9FDD3E00087582 /* RigisterViewController.h */ = {isa = PBXFileReference; fileEncoding = 4; lastKnownFileType = sourcecode.c.h; path = RigisterViewController.h; sourceTree = "<group>"; };
		BD11A1AA1C9FDD3E00087582 /* RigisterViewController.m */ = {isa = PBXFileReference; fileEncoding = 4; lastKnownFileType = sourcecode.c.objc; path = RigisterViewController.m; sourceTree = "<group>"; };
		BD11A1AB1C9FDD3E00087582 /* RigisterViewController.xib */ = {isa = PBXFileReference; fileEncoding = 4; lastKnownFileType = file.xib; path = RigisterViewController.xib; sourceTree = "<group>"; };
		BD34B26D1CB608280070376B /* 未标题-2.png */ = {isa = PBXFileReference; lastKnownFileType = image.png; path = "未标题-2.png"; sourceTree = "<group>"; };
		BD34B26F1CB751880070376B /* 澳门风云.jpg */ = {isa = PBXFileReference; lastKnownFileType = image.jpeg; name = "澳门风云.jpg"; path = "MyMoment/澳门风云.jpg"; sourceTree = "<group>"; };
		BD37693C1CCA771600392C63 /* Message.h */ = {isa = PBXFileReference; fileEncoding = 4; lastKnownFileType = sourcecode.c.h; path = Message.h; sourceTree = "<group>"; };
		BD37693D1CCA771600392C63 /* Message.m */ = {isa = PBXFileReference; fileEncoding = 4; lastKnownFileType = sourcecode.c.objc; path = Message.m; sourceTree = "<group>"; };
		BD37693F1CCA98BB00392C63 /* MovieAllTableViewController.h */ = {isa = PBXFileReference; fileEncoding = 4; lastKnownFileType = sourcecode.c.h; path = MovieAllTableViewController.h; sourceTree = "<group>"; };
		BD3769401CCA98BB00392C63 /* MovieAllTableViewController.m */ = {isa = PBXFileReference; fileEncoding = 4; lastKnownFileType = sourcecode.c.objc; path = MovieAllTableViewController.m; sourceTree = "<group>"; };
		BD3769421CCA98FA00392C63 /* MovieScoreRankingTableView.h */ = {isa = PBXFileReference; fileEncoding = 4; lastKnownFileType = sourcecode.c.h; path = MovieScoreRankingTableView.h; sourceTree = "<group>"; };
		BD3769431CCA98FA00392C63 /* MovieScoreRankingTableView.m */ = {isa = PBXFileReference; fileEncoding = 4; lastKnownFileType = sourcecode.c.objc; path = MovieScoreRankingTableView.m; sourceTree = "<group>"; };
		BD3769451CCA992500392C63 /* MusicAllTableViewController.h */ = {isa = PBXFileReference; fileEncoding = 4; lastKnownFileType = sourcecode.c.h; path = MusicAllTableViewController.h; sourceTree = "<group>"; };
		BD3769461CCA992500392C63 /* MusicAllTableViewController.m */ = {isa = PBXFileReference; fileEncoding = 4; lastKnownFileType = sourcecode.c.objc; path = MusicAllTableViewController.m; sourceTree = "<group>"; };
		BD3769481CCA994B00392C63 /* MusicScoreRankingTableView.h */ = {isa = PBXFileReference; fileEncoding = 4; lastKnownFileType = sourcecode.c.h; path = MusicScoreRankingTableView.h; sourceTree = "<group>"; };
		BD3769491CCA994B00392C63 /* MusicScoreRankingTableView.m */ = {isa = PBXFileReference; fileEncoding = 4; lastKnownFileType = sourcecode.c.objc; path = MusicScoreRankingTableView.m; sourceTree = "<group>"; };
		BD55C3011CBDA24F00610137 /* 1star.png */ = {isa = PBXFileReference; lastKnownFileType = image.png; path = 1star.png; sourceTree = "<group>"; };
		BD55C3031CBDA4D300610137 /* 1starEmpty.png */ = {isa = PBXFileReference; lastKnownFileType = image.png; path = 1starEmpty.png; sourceTree = "<group>"; };
		BD55C3051CBF33A800610137 /* RegisterInfoViewController.h */ = {isa = PBXFileReference; fileEncoding = 4; lastKnownFileType = sourcecode.c.h; path = RegisterInfoViewController.h; sourceTree = "<group>"; };
		BD55C3061CBF33A800610137 /* RegisterInfoViewController.m */ = {isa = PBXFileReference; fileEncoding = 4; lastKnownFileType = sourcecode.c.objc; path = RegisterInfoViewController.m; sourceTree = "<group>"; };
		BD55C3071CBF33A800610137 /* RegisterInfoViewController.xib */ = {isa = PBXFileReference; fileEncoding = 4; lastKnownFileType = file.xib; path = RegisterInfoViewController.xib; sourceTree = "<group>"; };
		BD55C30A1CC1BE1100610137 /* MusicDetailViewController.h */ = {isa = PBXFileReference; fileEncoding = 4; lastKnownFileType = sourcecode.c.h; path = MusicDetailViewController.h; sourceTree = "<group>"; };
		BD55C30B1CC1BE1100610137 /* MusicDetailViewController.m */ = {isa = PBXFileReference; fileEncoding = 4; lastKnownFileType = sourcecode.c.objc; path = MusicDetailViewController.m; sourceTree = "<group>"; };
		BD55C30C1CC1BE1100610137 /* MusicDetailViewController.xib */ = {isa = PBXFileReference; fileEncoding = 4; lastKnownFileType = file.xib; path = MusicDetailViewController.xib; sourceTree = "<group>"; };
		BD55C30F1CC3C96700610137 /* MainMovieTableViewController.h */ = {isa = PBXFileReference; fileEncoding = 4; lastKnownFileType = sourcecode.c.h; path = MainMovieTableViewController.h; sourceTree = "<group>"; };
		BD55C3101CC3C96700610137 /* MainMovieTableViewController.m */ = {isa = PBXFileReference; fileEncoding = 4; lastKnownFileType = sourcecode.c.objc; path = MainMovieTableViewController.m; sourceTree = "<group>"; };
		BD55C3121CC3C9A100610137 /* MainMusicTableViewController.h */ = {isa = PBXFileReference; fileEncoding = 4; lastKnownFileType = sourcecode.c.h; path = MainMusicTableViewController.h; sourceTree = "<group>"; };
		BD55C3131CC3C9A100610137 /* MainMusicTableViewController.m */ = {isa = PBXFileReference; fileEncoding = 4; lastKnownFileType = sourcecode.c.objc; path = MainMusicTableViewController.m; sourceTree = "<group>"; };
		BD55C3151CC3E18E00610137 /* Movie.h */ = {isa = PBXFileReference; fileEncoding = 4; lastKnownFileType = sourcecode.c.h; path = Movie.h; sourceTree = "<group>"; };
		BD55C3161CC3E18E00610137 /* Movie.m */ = {isa = PBXFileReference; fileEncoding = 4; lastKnownFileType = sourcecode.c.objc; path = Movie.m; sourceTree = "<group>"; };
		BD55C3181CC3E1A900610137 /* Music.h */ = {isa = PBXFileReference; fileEncoding = 4; lastKnownFileType = sourcecode.c.h; path = Music.h; sourceTree = "<group>"; };
		BD55C3191CC3E1A900610137 /* Music.m */ = {isa = PBXFileReference; fileEncoding = 4; lastKnownFileType = sourcecode.c.objc; path = Music.m; sourceTree = "<group>"; };
		BD6C0B151CCBC573001704B4 /* User.h */ = {isa = PBXFileReference; fileEncoding = 4; lastKnownFileType = sourcecode.c.h; path = User.h; sourceTree = "<group>"; };
		BD6C0B161CCBC573001704B4 /* User.m */ = {isa = PBXFileReference; fileEncoding = 4; lastKnownFileType = sourcecode.c.objc; path = User.m; sourceTree = "<group>"; };
		BD6C0B181CCD5414001704B4 /* HistoryListViewController.h */ = {isa = PBXFileReference; fileEncoding = 4; lastKnownFileType = sourcecode.c.h; path = HistoryListViewController.h; sourceTree = "<group>"; };
		BD6C0B191CCD5414001704B4 /* HistoryListViewController.m */ = {isa = PBXFileReference; fileEncoding = 4; lastKnownFileType = sourcecode.c.objc; path = HistoryListViewController.m; sourceTree = "<group>"; };
		BD6C0B1A1CCD5414001704B4 /* HistoryListViewController.xib */ = {isa = PBXFileReference; fileEncoding = 4; lastKnownFileType = file.xib; path = HistoryListViewController.xib; sourceTree = "<group>"; };
		BD6C0B1D1CCD561B001704B4 /* FavoriteListViewController.h */ = {isa = PBXFileReference; fileEncoding = 4; lastKnownFileType = sourcecode.c.h; path = FavoriteListViewController.h; sourceTree = "<group>"; };
		BD6C0B1E1CCD561B001704B4 /* FavoriteListViewController.m */ = {isa = PBXFileReference; fileEncoding = 4; lastKnownFileType = sourcecode.c.objc; path = FavoriteListViewController.m; sourceTree = "<group>"; };
		BD6C0B1F1CCD561B001704B4 /* FavoriteListViewController.xib */ = {isa = PBXFileReference; fileEncoding = 4; lastKnownFileType = file.xib; path = FavoriteListViewController.xib; sourceTree = "<group>"; };
		BD6C0B2B1CCEB2C3001704B4 /* FavoriteMovie.h */ = {isa = PBXFileReference; fileEncoding = 4; lastKnownFileType = sourcecode.c.h; path = FavoriteMovie.h; sourceTree = "<group>"; };
		BD6C0B2C1CCEB2C3001704B4 /* FavoriteMovie.m */ = {isa = PBXFileReference; fileEncoding = 4; lastKnownFileType = sourcecode.c.objc; path = FavoriteMovie.m; sourceTree = "<group>"; };
		BD9779A31CB7EE9B00319214 /* MovieDetailViewController.h */ = {isa = PBXFileReference; fileEncoding = 4; lastKnownFileType = sourcecode.c.h; path = MovieDetailViewController.h; sourceTree = "<group>"; };
		BD9779A41CB7EE9B00319214 /* MovieDetailViewController.m */ = {isa = PBXFileReference; fileEncoding = 4; lastKnownFileType = sourcecode.c.objc; path = MovieDetailViewController.m; sourceTree = "<group>"; };
		BD9779A51CB7EE9B00319214 /* MovieDetailViewController.xib */ = {isa = PBXFileReference; fileEncoding = 4; lastKnownFileType = file.xib; path = MovieDetailViewController.xib; sourceTree = "<group>"; };
/* End PBXFileReference section */

/* Begin PBXFrameworksBuildPhase section */
		BD11A1871C9A59D400087582 /* Frameworks */ = {
			isa = PBXFrameworksBuildPhase;
			buildActionMask = 2147483647;
			files = (
			);
			runOnlyForDeploymentPostprocessing = 0;
		};
/* End PBXFrameworksBuildPhase section */

/* Begin PBXGroup section */
		BD11A1811C9A59D400087582 = {
			isa = PBXGroup;
			children = (
				BD11A18C1C9A59D400087582 /* MyMoment */,
				BD11A18B1C9A59D400087582 /* Products */,
				BD34B26D1CB608280070376B /* 未标题-2.png */,
				BD34B26F1CB751880070376B /* 澳门风云.jpg */,
				BD55C3011CBDA24F00610137 /* 1star.png */,
				BD55C3031CBDA4D300610137 /* 1starEmpty.png */,
			);
			sourceTree = "<group>";
		};
		BD11A18B1C9A59D400087582 /* Products */ = {
			isa = PBXGroup;
			children = (
				BD11A18A1C9A59D400087582 /* MyMoment.app */,
			);
			name = Products;
			sourceTree = "<group>";
		};
		BD11A18C1C9A59D400087582 /* MyMoment */ = {
			isa = PBXGroup;
			children = (
				BD11A18D1C9A59D400087582 /* AppDelegate.h */,
				BD11A18E1C9A59D400087582 /* AppDelegate.m */,
				BD11A1961C9A59D400087582 /* Assets.xcassets */,
				BD11A1981C9A59D400087582 /* MainMenu.xib */,
				BD11A1A41C9A5C0600087582 /* MainWindowController.h */,
				BD11A1A51C9A5C0600087582 /* MainWindowController.m */,
				BD55C30F1CC3C96700610137 /* MainMovieTableViewController.h */,
				BD55C3101CC3C96700610137 /* MainMovieTableViewController.m */,
				BD55C3121CC3C9A100610137 /* MainMusicTableViewController.h */,
				BD55C3131CC3C9A100610137 /* MainMusicTableViewController.m */,
				BD37693F1CCA98BB00392C63 /* MovieAllTableViewController.h */,
				BD3769401CCA98BB00392C63 /* MovieAllTableViewController.m */,
				BD3769421CCA98FA00392C63 /* MovieScoreRankingTableView.h */,
				BD3769431CCA98FA00392C63 /* MovieScoreRankingTableView.m */,
				BD3769451CCA992500392C63 /* MusicAllTableViewController.h */,
				BD3769461CCA992500392C63 /* MusicAllTableViewController.m */,
				BD3769481CCA994B00392C63 /* MusicScoreRankingTableView.h */,
				BD3769491CCA994B00392C63 /* MusicScoreRankingTableView.m */,
				BD11A1A61C9A5C0600087582 /* MainWindow.xib */,
				BD11A1A91C9FDD3E00087582 /* RigisterViewController.h */,
				BD11A1AA1C9FDD3E00087582 /* RigisterViewController.m */,
				BD11A1AB1C9FDD3E00087582 /* RigisterViewController.xib */,
				BD11A19B1C9A59D400087582 /* Info.plist */,
				BD11A1931C9A59D400087582 /* MyMoment.xcdatamodeld */,
				BD11A1901C9A59D400087582 /* Supporting Files */,
			);
			path = MyMoment;
			sourceTree = "<group>";
		};
		BD11A1901C9A59D400087582 /* Supporting Files */ = {
			isa = PBXGroup;
			children = (
				BD55C3051CBF33A800610137 /* RegisterInfoViewController.h */,
				BD55C3061CBF33A800610137 /* RegisterInfoViewController.m */,
				BD55C3071CBF33A800610137 /* RegisterInfoViewController.xib */,
				BD9779A31CB7EE9B00319214 /* MovieDetailViewController.h */,
				BD9779A41CB7EE9B00319214 /* MovieDetailViewController.m */,
				BD9779A51CB7EE9B00319214 /* MovieDetailViewController.xib */,
				BD55C30A1CC1BE1100610137 /* MusicDetailViewController.h */,
				BD55C30B1CC1BE1100610137 /* MusicDetailViewController.m */,
				BD55C30C1CC1BE1100610137 /* MusicDetailViewController.xib */,
				BD6C0B181CCD5414001704B4 /* HistoryListViewController.h */,
				BD6C0B191CCD5414001704B4 /* HistoryListViewController.m */,
				BD6C0B1A1CCD5414001704B4 /* HistoryListViewController.xib */,
				BD6C0B1D1CCD561B001704B4 /* FavoriteListViewController.h */,
				BD6C0B1E1CCD561B001704B4 /* FavoriteListViewController.m */,
				BD6C0B1F1CCD561B001704B4 /* FavoriteListViewController.xib */,
				BD6C0B2B1CCEB2C3001704B4 /* FavoriteMovie.h */,
				BD6C0B2C1CCEB2C3001704B4 /* FavoriteMovie.m */,
				BD55C3151CC3E18E00610137 /* Movie.h */,
				BD55C3161CC3E18E00610137 /* Movie.m */,
				BD55C3181CC3E1A900610137 /* Music.h */,
				BD55C3191CC3E1A900610137 /* Music.m */,
				BD37693C1CCA771600392C63 /* Message.h */,
				BD37693D1CCA771600392C63 /* Message.m */,
				BD6C0B151CCBC573001704B4 /* User.h */,
				BD6C0B161CCBC573001704B4 /* User.m */,
				BD11A1911C9A59D400087582 /* main.m */,
			);
			name = "Supporting Files";
			sourceTree = "<group>";
		};
/* End PBXGroup section */

/* Begin PBXNativeTarget section */
		BD11A1891C9A59D400087582 /* MyMoment */ = {
			isa = PBXNativeTarget;
			buildConfigurationList = BD11A19E1C9A59D400087582 /* Build configuration list for PBXNativeTarget "MyMoment" */;
			buildPhases = (
				BD11A1861C9A59D400087582 /* Sources */,
				BD11A1871C9A59D400087582 /* Frameworks */,
				BD11A1881C9A59D400087582 /* Resources */,
			);
			buildRules = (
			);
			dependencies = (
			);
			name = MyMoment;
			productName = MyMoment;
			productReference = BD11A18A1C9A59D400087582 /* MyMoment.app */;
			productType = "com.apple.product-type.application";
		};
/* End PBXNativeTarget section */

/* Begin PBXProject section */
		BD11A1821C9A59D400087582 /* Project object */ = {
			isa = PBXProject;
			attributes = {
				LastUpgradeCheck = 0710;
				ORGANIZATIONNAME = "Edward Liu";
				TargetAttributes = {
					BD11A1891C9A59D400087582 = {
						CreatedOnToolsVersion = 7.1;
					};
				};
			};
			buildConfigurationList = BD11A1851C9A59D400087582 /* Build configuration list for PBXProject "MyMoment" */;
			compatibilityVersion = "Xcode 3.2";
			developmentRegion = English;
			hasScannedForEncodings = 0;
			knownRegions = (
				en,
				Base,
			);
			mainGroup = BD11A1811C9A59D400087582;
			productRefGroup = BD11A18B1C9A59D400087582 /* Products */;
			projectDirPath = "";
			projectRoot = "";
			targets = (
				BD11A1891C9A59D400087582 /* MyMoment */,
			);
		};
/* End PBXProject section */

/* Begin PBXResourcesBuildPhase section */
		BD11A1881C9A59D400087582 /* Resources */ = {
			isa = PBXResourcesBuildPhase;
			buildActionMask = 2147483647;
			files = (
				BD55C30E1CC1BE1100610137 /* MusicDetailViewController.xib in Resources */,
				BD55C3041CBDA4D300610137 /* 1starEmpty.png in Resources */,
				BD9779A71CB7EE9B00319214 /* MovieDetailViewController.xib in Resources */,
				BD11A1971C9A59D400087582 /* Assets.xcassets in Resources */,
				BD34B2701CB751880070376B /* 澳门风云.jpg in Resources */,
				BD11A1A81C9A5C0600087582 /* MainWindow.xib in Resources */,
				BD11A19A1C9A59D400087582 /* MainMenu.xib in Resources */,
				BD34B26E1CB608280070376B /* 未标题-2.png in Resources */,
				BD11A1AD1C9FDD3E00087582 /* RigisterViewController.xib in Resources */,
				BD55C3021CBDA24F00610137 /* 1star.png in Resources */,
				BD6C0B211CCD561B001704B4 /* FavoriteListViewController.xib in Resources */,
				BD55C3091CBF33A800610137 /* RegisterInfoViewController.xib in Resources */,
				BD6C0B1C1CCD5414001704B4 /* HistoryListViewController.xib in Resources */,
			);
			runOnlyForDeploymentPostprocessing = 0;
		};
/* End PBXResourcesBuildPhase section */

/* Begin PBXSourcesBuildPhase section */
		BD11A1861C9A59D400087582 /* Sources */ = {
			isa = PBXSourcesBuildPhase;
			buildActionMask = 2147483647;
			files = (
				BD55C3171CC3E18E00610137 /* Movie.m in Sources */,
				BD55C3141CC3C9A100610137 /* MainMusicTableViewController.m in Sources */,
				BD6C0B201CCD561B001704B4 /* FavoriteListViewController.m in Sources */,
				BD6C0B171CCBC573001704B4 /* User.m in Sources */,
				BD9779A61CB7EE9B00319214 /* MovieDetailViewController.m in Sources */,
				BD55C31A1CC3E1A900610137 /* Music.m in Sources */,
				BD6C0B1B1CCD5414001704B4 /* HistoryListViewController.m in Sources */,
				BD6C0B2D1CCEB2C3001704B4 /* FavoriteMovie.m in Sources */,
				BD55C30D1CC1BE1100610137 /* MusicDetailViewController.m in Sources */,
				BD11A1951C9A59D400087582 /* MyMoment.xcdatamodeld in Sources */,
				BD11A1921C9A59D400087582 /* main.m in Sources */,
				BD11A1AC1C9FDD3E00087582 /* RigisterViewController.m in Sources */,
				BD3769411CCA98BB00392C63 /* MovieAllTableViewController.m in Sources */,
				BD3769471CCA992500392C63 /* MusicAllTableViewController.m in Sources */,
				BD37694A1CCA994B00392C63 /* MusicScoreRankingTableView.m in Sources */,
				BD11A1A71C9A5C0600087582 /* MainWindowController.m in Sources */,
				BD55C3081CBF33A800610137 /* RegisterInfoViewController.m in Sources */,
				BD55C3111CC3C96700610137 /* MainMovieTableViewController.m in Sources */,
				BD37693E1CCA771600392C63 /* Message.m in Sources */,
				BD3769441CCA98FA00392C63 /* MovieScoreRankingTableView.m in Sources */,
				BD11A18F1C9A59D400087582 /* AppDelegate.m in Sources */,
			);
			runOnlyForDeploymentPostprocessing = 0;
		};
/* End PBXSourcesBuildPhase section */

/* Begin PBXVariantGroup section */
		BD11A1981C9A59D400087582 /* MainMenu.xib */ = {
			isa = PBXVariantGroup;
			children = (
				BD11A1991C9A59D400087582 /* Base */,
			);
			name = MainMenu.xib;
			sourceTree = "<group>";
		};
/* End PBXVariantGroup section */

/* Begin XCBuildConfiguration section */
		BD11A19C1C9A59D400087582 /* Debug */ = {
			isa = XCBuildConfiguration;
			buildSettings = {
				ALWAYS_SEARCH_USER_PATHS = NO;
				CLANG_CXX_LANGUAGE_STANDARD = "gnu++0x";
				CLANG_CXX_LIBRARY = "libc++";
				CLANG_ENABLE_MODULES = YES;
				CLANG_ENABLE_OBJC_ARC = YES;
				CLANG_WARN_BOOL_CONVERSION = YES;
				CLANG_WARN_CONSTANT_CONVERSION = YES;
				CLANG_WARN_DIRECT_OBJC_ISA_USAGE = YES_ERROR;
				CLANG_WARN_EMPTY_BODY = YES;
				CLANG_WARN_ENUM_CONVERSION = YES;
				CLANG_WARN_INT_CONVERSION = YES;
				CLANG_WARN_OBJC_ROOT_CLASS = YES_ERROR;
				CLANG_WARN_UNREACHABLE_CODE = YES;
				CLANG_WARN__DUPLICATE_METHOD_MATCH = YES;
				CODE_SIGN_IDENTITY = "-";
				COPY_PHASE_STRIP = NO;
				DEBUG_INFORMATION_FORMAT = dwarf;
				ENABLE_STRICT_OBJC_MSGSEND = YES;
				ENABLE_TESTABILITY = YES;
				GCC_C_LANGUAGE_STANDARD = gnu99;
				GCC_DYNAMIC_NO_PIC = NO;
				GCC_NO_COMMON_BLOCKS = YES;
				GCC_OPTIMIZATION_LEVEL = 0;
				GCC_PREPROCESSOR_DEFINITIONS = (
					"DEBUG=1",
					"$(inherited)",
				);
				GCC_WARN_64_TO_32_BIT_CONVERSION = YES;
				GCC_WARN_ABOUT_RETURN_TYPE = YES_ERROR;
				GCC_WARN_UNDECLARED_SELECTOR = YES;
				GCC_WARN_UNINITIALIZED_AUTOS = YES_AGGRESSIVE;
				GCC_WARN_UNUSED_FUNCTION = YES;
				GCC_WARN_UNUSED_VARIABLE = YES;
				MACOSX_DEPLOYMENT_TARGET = 10.11;
				MTL_ENABLE_DEBUG_INFO = YES;
				ONLY_ACTIVE_ARCH = YES;
				SDKROOT = macosx;
			};
			name = Debug;
		};
		BD11A19D1C9A59D400087582 /* Release */ = {
			isa = XCBuildConfiguration;
			buildSettings = {
				ALWAYS_SEARCH_USER_PATHS = NO;
				CLANG_CXX_LANGUAGE_STANDARD = "gnu++0x";
				CLANG_CXX_LIBRARY = "libc++";
				CLANG_ENABLE_MODULES = YES;
				CLANG_ENABLE_OBJC_ARC = YES;
				CLANG_WARN_BOOL_CONVERSION = YES;
				CLANG_WARN_CONSTANT_CONVERSION = YES;
				CLANG_WARN_DIRECT_OBJC_ISA_USAGE = YES_ERROR;
				CLANG_WARN_EMPTY_BODY = YES;
				CLANG_WARN_ENUM_CONVERSION = YES;
				CLANG_WARN_INT_CONVERSION = YES;
				CLANG_WARN_OBJC_ROOT_CLASS = YES_ERROR;
				CLANG_WARN_UNREACHABLE_CODE = YES;
				CLANG_WARN__DUPLICATE_METHOD_MATCH = YES;
				CODE_SIGN_IDENTITY = "-";
				COPY_PHASE_STRIP = NO;
				DEBUG_INFORMATION_FORMAT = "dwarf-with-dsym";
				ENABLE_NS_ASSERTIONS = NO;
				ENABLE_STRICT_OBJC_MSGSEND = YES;
				GCC_C_LANGUAGE_STANDARD = gnu99;
				GCC_NO_COMMON_BLOCKS = YES;
				GCC_WARN_64_TO_32_BIT_CONVERSION = YES;
				GCC_WARN_ABOUT_RETURN_TYPE = YES_ERROR;
				GCC_WARN_UNDECLARED_SELECTOR = YES;
				GCC_WARN_UNINITIALIZED_AUTOS = YES_AGGRESSIVE;
				GCC_WARN_UNUSED_FUNCTION = YES;
				GCC_WARN_UNUSED_VARIABLE = YES;
				MACOSX_DEPLOYMENT_TARGET = 10.11;
				MTL_ENABLE_DEBUG_INFO = NO;
				SDKROOT = macosx;
			};
			name = Release;
		};
		BD11A19F1C9A59D400087582 /* Debug */ = {
			isa = XCBuildConfiguration;
			buildSettings = {
				ASSETCATALOG_COMPILER_APPICON_NAME = AppIcon;
				COMBINE_HIDPI_IMAGES = YES;
				INFOPLIST_FILE = MyMoment/Info.plist;
				LD_RUNPATH_SEARCH_PATHS = "$(inherited) @executable_path/../Frameworks";
				PRODUCT_BUNDLE_IDENTIFIER = ED.MyMoment;
				PRODUCT_NAME = "$(TARGET_NAME)";
			};
			name = Debug;
		};
		BD11A1A01C9A59D400087582 /* Release */ = {
			isa = XCBuildConfiguration;
			buildSettings = {
				ASSETCATALOG_COMPILER_APPICON_NAME = AppIcon;
				COMBINE_HIDPI_IMAGES = YES;
				INFOPLIST_FILE = MyMoment/Info.plist;
				LD_RUNPATH_SEARCH_PATHS = "$(inherited) @executable_path/../Frameworks";
				PRODUCT_BUNDLE_IDENTIFIER = ED.MyMoment;
				PRODUCT_NAME = "$(TARGET_NAME)";
			};
			name = Release;
		};
/* End XCBuildConfiguration section */

/* Begin XCConfigurationList section */
		BD11A1851C9A59D400087582 /* Build configuration list for PBXProject "MyMoment" */ = {
			isa = XCConfigurationList;
			buildConfigurations = (
				BD11A19C1C9A59D400087582 /* Debug */,
				BD11A19D1C9A59D400087582 /* Release */,
			);
			defaultConfigurationIsVisible = 0;
			defaultConfigurationName = Release;
		};
		BD11A19E1C9A59D400087582 /* Build configuration list for PBXNativeTarget "MyMoment" */ = {
			isa = XCConfigurationList;
			buildConfigurations = (
				BD11A19F1C9A59D400087582 /* Debug */,
				BD11A1A01C9A59D400087582 /* Release */,
			);
			defaultConfigurationIsVisible = 0;
			defaultConfigurationName = Release;
		};
/* End XCConfigurationList section */

/* Begin XCVersionGroup section */
		BD11A1931C9A59D400087582 /* MyMoment.xcdatamodeld */ = {
			isa = XCVersionGroup;
			children = (
				BD11A1941C9A59D400087582 /* MyMoment.xcdatamodel */,
			);
			currentVersion = BD11A1941C9A59D400087582 /* MyMoment.xcdatamodel */;
			path = MyMoment.xcdatamodeld;
			sourceTree = "<group>";
			versionGroupType = wrapper.xcdatamodel;
		};
/* End XCVersionGroup section */
	};
	rootObject = BD11A1821C9A59D400087582 /* Project object */;
}
